PODS:
  - ReactiveObjC (3.0.0)

DEPENDENCIES:
  - ReactiveObjC (~> 3.0.0)

SPEC REPOS:
  https://github.com/cocoapods/specs.git:
    - ReactiveObjC

SPEC CHECKSUMS:
  ReactiveObjC: ce79989e8684b9086b5f8d0c74bc7b81a8729c9e

PODFILE CHECKSUM: d542b1ff06a9d3115dce262b5646a3604d33faf6

COCOAPODS: 1.5.3
